
Microsoft Visual Studio Solution File, Format Version 12.00
# Visual Studio Version 17
VisualStudioVersion = 17.7.34221.43
MinimumVisualStudioVersion = 10.0.40219.1
Project("{FAE04EC0-301F-11D3-BF4B-00C04F79EFBC}") = "prueba", "prueba\prueba.csproj", "{7B62AE8F-95B4-4E77-AC35-5BEC39AEF63D}"
EndProject
Global
	GlobalSection(SolutionConfigurationPlatforms) = preSolution
		Debug|Any CPU = Debug|Any CPU
		Release|Any CPU = Release|Any CPU
	EndGlobalSection
	GlobalSection(ProjectConfigurationPlatforms) = postSolution
		{7B62AE8F-95B4-4E77-AC35-5BEC39AEF63D}.Debug|Any CPU.ActiveCfg = Debug|Any CPU
		{7B62AE8F-95B4-4E77-AC35-5BEC39AEF63D}.Debug|Any CPU.Build.0 = Debug|Any CPU
		{7B62AE8F-95B4-4E77-AC35-5BEC39AEF63D}.Release|Any CPU.ActiveCfg = Release|Any CPU
		{7B62AE8F-95B4-4E77-AC35-5BEC39AEF63D}.Release|Any CPU.Build.0 = Release|Any CPU
	EndGlobalSection
	GlobalSection(SolutionProperties) = preSolution
		HideSolutionNode = FALSE
	EndGlobalSection
	GlobalSection(ExtensibilityGlobals) = postSolution
		SolutionGuid = {C6B27E60-C71C-4EEE-9A6F-DB5AB199AB57}
	EndGlobalSection
EndGlobal
